
Microsoft Visual Studio Solution File, Format Version 12.00
# Visual Studio Version 17
VisualStudioVersion = 17.6.33829.357
MinimumVisualStudioVersion = 10.0.40219.1
Project("{FAE04EC0-301F-11D3-BF4B-00C04F79EFBC}") = "CajeroMenuC", "CajeroMenuC.csproj", "{B7C26B28-D20D-4CFA-A750-982DEB08EDFF}"
EndProject
Global
	GlobalSection(SolutionConfigurationPlatforms) = preSolution
		Debug|Any CPU = Debug|Any CPU
		Release|Any CPU = Release|Any CPU
	EndGlobalSection
	GlobalSection(ProjectConfigurationPlatforms) = postSolution
		{B7C26B28-D20D-4CFA-A750-982DEB08EDFF}.Debug|Any CPU.ActiveCfg = Debug|Any CPU
		{B7C26B28-D20D-4CFA-A750-982DEB08EDFF}.Debug|Any CPU.Build.0 = Debug|Any CPU
		{B7C26B28-D20D-4CFA-A750-982DEB08EDFF}.Release|Any CPU.ActiveCfg = Release|Any CPU
		{B7C26B28-D20D-4CFA-A750-982DEB08EDFF}.Release|Any CPU.Build.0 = Release|Any CPU
	EndGlobalSection
	GlobalSection(SolutionProperties) = preSolution
		HideSolutionNode = FALSE
	EndGlobalSection
	GlobalSection(ExtensibilityGlobals) = postSolution
		SolutionGuid = {06AB0443-6009-44D4-B438-AC4D6CAA27B1}
	EndGlobalSection
EndGlobal
